%{"dialyxir": {:hex, :dialyxir, "0.5.1", "b331b091720fd93e878137add264bac4f644e1ddae07a70bf7062c7862c4b952", [:mix], []},
  "espec": {:hex, :espec, "0.8.28", "f002710673d215876c4ca6fc74cbf5e330954badea7389d2284d2050940f1779", [:mix], [{:meck, "~> 0.8.4", [hex: :meck, optional: false]}]},
  "meck": {:hex, :meck, "0.8.7", "ebad16ca23f685b07aed3bc011efff65fbaf28881a8adf925428ef5472d390ee", [:rebar3], []}}
